
Microsoft Visual Studio Solution File, Format Version 12.00
Project("{FAE04EC0-301F-11D3-BF4B-00C04F79EFBC}") = "BDayToday", "BDayToday\BDayToday.csproj", "{B411F7A1-40CE-4AEF-82B5-22BA236371A7}"
EndProject
Global
	GlobalSection(SolutionConfigurationPlatforms) = preSolution
		Debug|Any CPU = Debug|Any CPU
		Release|Any CPU = Release|Any CPU
	EndGlobalSection
	GlobalSection(ProjectConfigurationPlatforms) = postSolution
		{B411F7A1-40CE-4AEF-82B5-22BA236371A7}.Debug|Any CPU.ActiveCfg = Debug|Any CPU
		{B411F7A1-40CE-4AEF-82B5-22BA236371A7}.Debug|Any CPU.Build.0 = Debug|Any CPU
		{B411F7A1-40CE-4AEF-82B5-22BA236371A7}.Release|Any CPU.ActiveCfg = Release|Any CPU
		{B411F7A1-40CE-4AEF-82B5-22BA236371A7}.Release|Any CPU.Build.0 = Release|Any CPU
	EndGlobalSection
	GlobalSection(RiderSharedRunConfigurations) = postSolution
		File = .runConfigurations\StartUI.run.xml
	EndGlobalSection
EndGlobal
